
Microsoft Visual Studio Solution File, Format Version 12.00
# Visual Studio Version 17
VisualStudioVersion = 17.13.35825.156
MinimumVisualStudioVersion = 10.0.40219.1
Project("{FAE04EC0-301F-11D3-BF4B-00C04F79EFBC}") = "LessonViewer", "LessonViewer\LessonViewer.csproj", "{533A7555-D863-4C01-9FFC-82CFE75D62D1}"
	ProjectSection(ProjectDependencies) = postProject
		{C3F2F857-7EF9-D352-8CD1-5A8EE56244B0} = {C3F2F857-7EF9-D352-8CD1-5A8EE56244B0}
	EndProjectSection
EndProject
Project("{FAE04EC0-301F-11D3-BF4B-00C04F79EFBC}") = "LessonLibrary", "LessonLibrary\LessonLibrary.csproj", "{C3F2F857-7EF9-D352-8CD1-5A8EE56244B0}"
EndProject
Project("{FAE04EC0-301F-11D3-BF4B-00C04F79EFBC}") = "LessonLibrary.Tests", "LessonLibrary.Tests\LessonLibrary.Tests.csproj", "{0534FE00-9371-4E17-A778-B516F36E4487}"
EndProject
Global
	GlobalSection(SolutionConfigurationPlatforms) = preSolution
		Debug|Any CPU = Debug|Any CPU
		Release|Any CPU = Release|Any CPU
	EndGlobalSection
	GlobalSection(ProjectConfigurationPlatforms) = postSolution
		{533A7555-D863-4C01-9FFC-82CFE75D62D1}.Debug|Any CPU.ActiveCfg = Debug|Any CPU
		{533A7555-D863-4C01-9FFC-82CFE75D62D1}.Debug|Any CPU.Build.0 = Debug|Any CPU
		{533A7555-D863-4C01-9FFC-82CFE75D62D1}.Release|Any CPU.ActiveCfg = Release|Any CPU
		{533A7555-D863-4C01-9FFC-82CFE75D62D1}.Release|Any CPU.Build.0 = Release|Any CPU
		{C3F2F857-7EF9-D352-8CD1-5A8EE56244B0}.Debug|Any CPU.ActiveCfg = Debug|Any CPU
		{C3F2F857-7EF9-D352-8CD1-5A8EE56244B0}.Debug|Any CPU.Build.0 = Debug|Any CPU
		{C3F2F857-7EF9-D352-8CD1-5A8EE56244B0}.Release|Any CPU.ActiveCfg = Release|Any CPU
		{C3F2F857-7EF9-D352-8CD1-5A8EE56244B0}.Release|Any CPU.Build.0 = Release|Any CPU
		{0534FE00-9371-4E17-A778-B516F36E4487}.Debug|Any CPU.ActiveCfg = Debug|Any CPU
		{0534FE00-9371-4E17-A778-B516F36E4487}.Debug|Any CPU.Build.0 = Debug|Any CPU
		{0534FE00-9371-4E17-A778-B516F36E4487}.Release|Any CPU.ActiveCfg = Release|Any CPU
		{0534FE00-9371-4E17-A778-B516F36E4487}.Release|Any CPU.Build.0 = Release|Any CPU
	EndGlobalSection
	GlobalSection(SolutionProperties) = preSolution
		HideSolutionNode = FALSE
	EndGlobalSection
	GlobalSection(ExtensibilityGlobals) = postSolution
		SolutionGuid = {B2496A2F-B671-4D0D-8AB4-986DCCC00651}
	EndGlobalSection
EndGlobal
