
Microsoft Visual Studio Solution File, Format Version 12.00
# Visual Studio Version 17
VisualStudioVersion = 17.9.34902.65
MinimumVisualStudioVersion = 10.0.40219.1
Project("{FAE04EC0-301F-11D3-BF4B-00C04F79EFBC}") = "PIwork1", "PIwork1\PIwork1.csproj", "{3E129132-6117-45A2-B740-B4109E4ECB40}"
EndProject
Global
	GlobalSection(SolutionConfigurationPlatforms) = preSolution
		Debug|Any CPU = Debug|Any CPU
		Release|Any CPU = Release|Any CPU
	EndGlobalSection
	GlobalSection(ProjectConfigurationPlatforms) = postSolution
		{3E129132-6117-45A2-B740-B4109E4ECB40}.Debug|Any CPU.ActiveCfg = Debug|Any CPU
		{3E129132-6117-45A2-B740-B4109E4ECB40}.Debug|Any CPU.Build.0 = Debug|Any CPU
		{3E129132-6117-45A2-B740-B4109E4ECB40}.Release|Any CPU.ActiveCfg = Release|Any CPU
		{3E129132-6117-45A2-B740-B4109E4ECB40}.Release|Any CPU.Build.0 = Release|Any CPU
	EndGlobalSection
	GlobalSection(SolutionProperties) = preSolution
		HideSolutionNode = FALSE
	EndGlobalSection
	GlobalSection(ExtensibilityGlobals) = postSolution
		SolutionGuid = {68249518-C71A-408C-9E49-C6DD8AF2284D}
	EndGlobalSection
EndGlobal
